Microsoft Visual Studio Solution File, Format Version 11.00
# Visual Studio 2008

Project("{2ABC887F-7C4E-5512-5591-E6458967655F}") = "PlayBrush", "Assembly-CSharp-firstpass-vs.csproj", "{7D4A54F5-2C3B-5498-E4A6-FAA1EEF1C451}"
EndProject
Project("{2ABC887F-7C4E-5512-5591-E6458967655F}") = "PlayBrush", "Assembly-CSharp-vs.csproj", "{DBBBB7B1-1D50-4EE8-E164-872B6ABA7351}"
EndProject
Global
	GlobalSection(SolutionConfigurationPlatforms) = preSolution
		Debug|Any CPU = Debug|Any CPU
		Release|Any CPU = Release|Any CPU
	EndGlobalSection
	GlobalSection(ProjectConfigurationPlatforms) = postSolution
		{7D4A54F5-2C3B-5498-E4A6-FAA1EEF1C451}.Debug|Any CPU.ActiveCfg = Debug|Any CPU
		{7D4A54F5-2C3B-5498-E4A6-FAA1EEF1C451}.Debug|Any CPU.Build.0 = Debug|Any CPU
		{7D4A54F5-2C3B-5498-E4A6-FAA1EEF1C451}.Release|Any CPU.ActiveCfg = Release|Any CPU
		{7D4A54F5-2C3B-5498-E4A6-FAA1EEF1C451}.Release|Any CPU.Build.0 = Release|Any CPU
		{DBBBB7B1-1D50-4EE8-E164-872B6ABA7351}.Debug|Any CPU.ActiveCfg = Debug|Any CPU
		{DBBBB7B1-1D50-4EE8-E164-872B6ABA7351}.Debug|Any CPU.Build.0 = Debug|Any CPU
		{DBBBB7B1-1D50-4EE8-E164-872B6ABA7351}.Release|Any CPU.ActiveCfg = Release|Any CPU
		{DBBBB7B1-1D50-4EE8-E164-872B6ABA7351}.Release|Any CPU.Build.0 = Release|Any CPU
	EndGlobalSection
	GlobalSection(SolutionProperties) = preSolution
		HideSolutionNode = FALSE
	EndGlobalSection
																				GlobalSection(MonoDevelopProperties) = preSolution
		StartupItem = Assembly-CSharp.csproj
		Policies = $0
		$0.TextStylePolicy = $1
		$1.inheritsSet = null
		$1.scope = text/x-csharp
		$0.CSharpFormattingPolicy = $2
		$2.inheritsSet = Mono
		$2.inheritsScope = text/x-csharp
		$2.scope = text/x-csharp
		$0.TextStylePolicy = $3
		$3.FileWidth = 120
		$3.TabWidth = 4
		$3.EolMarker = Unix
		$3.inheritsSet = Mono
		$3.inheritsScope = text/plain
		$3.scope = text/plain
	EndGlobalSection

EndGlobal
